<?xml version="1.0" encoding="utf-8"?>
<Project ToolsVersion="4.0" xmlns="http://schemas.microsoft.com/developer/msbuild/2003">
  <ItemGroup>
    <Filter Include="include">
      <UniqueIdentifier>{b9e98ede-5d50-4ef9-8d0a-5adc90138602}</UniqueIdentifier>
    </Filter>
    <Filter Include="internal">
      <UniqueIdentifier>{447ae3d7-d317-446d-af75-bb1d1f876d9c}</UniqueIdentifier>
    </Filter>
  </ItemGroup>
  <ItemGroup>
    <ClCompile Include="glfw\internal\window.c">
      <Filter>internal</Filter>
    </ClCompile>
    <ClCompile Include="glfw\internal\context.c">
      <Filter>internal</Filter>
    </ClCompile>
    <ClCompile Include="glfw\internal\egl_context.c">
      <Filter>internal</Filter>
    </ClCompile>
    <ClCompile Include="glfw\internal\init.c">
      <Filter>internal</Filter>
    </ClCompile>
    <ClCompile Include="glfw\internal\input.c">
      <Filter>internal</Filter>
    </ClCompile>
    <ClCompile Include="glfw\internal\monitor.c">
      <Filter>internal</Filter>
    </ClCompile>
    <ClCompile Include="glfw\internal\vulkan.c">
      <Filter>internal</Filter>
    </ClCompile>
    <ClCompile Include="glfw\internal\wgl_context.c">
      <Filter>internal</Filter>
    </ClCompile>
    <ClCompile Include="glfw\internal\win32_init.c">
      <Filter>internal</Filter>
    </ClCompile>
    <ClCompile Include="glfw\internal\win32_joystick.c">
      <Filter>internal</Filter>
    </ClCompile>
    <ClCompile Include="glfw\internal\win32_monitor.c">
      <Filter>internal</Filter>
    </ClCompile>
    <ClCompile Include="glfw\internal\win32_time.c">
      <Filter>internal</Filter>
    </ClCompile>
    <ClCompile Include="glfw\internal\win32_tls.c">
      <Filter>internal</Filter>
    </ClCompile>
    <ClCompile Include="glfw\internal\win32_window.c">
      <Filter>internal</Filter>
    </ClCompile>
  </ItemGroup>
  <ItemGroup>
    <ClInclude Include="glfw\internal\egl_context.h">
      <Filter>internal</Filter>
    </ClInclude>
    <ClInclude Include="glfw\internal\internal.h">
      <Filter>internal</Filter>
    </ClInclude>
    <ClInclude Include="glfw\internal\wgl_context.h">
      <Filter>internal</Filter>
    </ClInclude>
    <ClInclude Include="glfw\internal\win32_joystick.h">
      <Filter>internal</Filter>
    </ClInclude>
    <ClInclude Include="glfw\internal\win32_platform.h">
      <Filter>internal</Filter>
    </ClInclude>
    <ClInclude Include="glfw\include\GLFW\glfw3.h">
      <Filter>include</Filter>
    </ClInclude>
    <ClInclude Include="glfw\include\GLFW\glfw3native.h">
      <Filter>include</Filter>
    </ClInclude>
  </ItemGroup>
</Project>