<?xml version="1.0" encoding="utf-8"?>
<Project ToolsVersion="4.0" xmlns="http://schemas.microsoft.com/developer/msbuild/2003">
  <ItemGroup>
    <Filter Include="c">
      <UniqueIdentifier>{447ae3d7-d317-446d-af75-bb1d1f876d9c}</UniqueIdentifier>
    </Filter>
    <Filter Include="c\include">
      <UniqueIdentifier>{b9e98ede-5d50-4ef9-8d0a-5adc90138602}</UniqueIdentifier>
    </Filter>
    <Filter Include="c\src">
      <UniqueIdentifier>{d813729b-c10a-4f62-8b23-7636580b5ef1}</UniqueIdentifier>
    </Filter>
  </ItemGroup>
  <ItemGroup>
    <ClInclude Include="source\glfw\c\include\GLFW\glfw3.h">
      <Filter>c\include</Filter>
    </ClInclude>
    <ClInclude Include="source\glfw\c\include\GLFW\glfw3native.h">
      <Filter>c\include</Filter>
    </ClInclude>
    <ClInclude Include="source\glfw\c\src\egl_context.h">
      <Filter>c\src</Filter>
    </ClInclude>
    <ClInclude Include="source\glfw\c\src\internal.h">
      <Filter>c\src</Filter>
    </ClInclude>
    <ClInclude Include="source\glfw\c\src\wgl_context.h">
      <Filter>c\src</Filter>
    </ClInclude>
    <ClInclude Include="source\glfw\c\src\win32_joystick.h">
      <Filter>c\src</Filter>
    </ClInclude>
    <ClInclude Include="source\glfw\c\src\win32_platform.h">
      <Filter>c\src</Filter>
    </ClInclude>
    <ClInclude Include="source\glfw\Application.hpp" />
    <ClInclude Include="source\glfw\CPPWindow.hpp" />
    <ClInclude Include="source\glfw\Joystick.hpp" />
    <ClInclude Include="source\glfw\KeyEvent.h" />
    <ClInclude Include="source\glfw\Key.hpp" />
  </ItemGroup>
  <ItemGroup>
    <ClCompile Include="source\glfw\c\src\context.c">
      <Filter>c\src</Filter>
    </ClCompile>
    <ClCompile Include="source\glfw\c\src\egl_context.c">
      <Filter>c\src</Filter>
    </ClCompile>
    <ClCompile Include="source\glfw\c\src\init.c">
      <Filter>c\src</Filter>
    </ClCompile>
    <ClCompile Include="source\glfw\c\src\input.c">
      <Filter>c\src</Filter>
    </ClCompile>
    <ClCompile Include="source\glfw\c\src\monitor.c">
      <Filter>c\src</Filter>
    </ClCompile>
    <ClCompile Include="source\glfw\c\src\vulkan.c">
      <Filter>c\src</Filter>
    </ClCompile>
    <ClCompile Include="source\glfw\c\src\wgl_context.c">
      <Filter>c\src</Filter>
    </ClCompile>
    <ClCompile Include="source\glfw\c\src\win32_init.c">
      <Filter>c\src</Filter>
    </ClCompile>
    <ClCompile Include="source\glfw\c\src\win32_joystick.c">
      <Filter>c\src</Filter>
    </ClCompile>
    <ClCompile Include="source\glfw\c\src\win32_monitor.c">
      <Filter>c\src</Filter>
    </ClCompile>
    <ClCompile Include="source\glfw\c\src\win32_time.c">
      <Filter>c\src</Filter>
    </ClCompile>
    <ClCompile Include="source\glfw\c\src\win32_tls.c">
      <Filter>c\src</Filter>
    </ClCompile>
    <ClCompile Include="source\glfw\c\src\win32_window.c">
      <Filter>c\src</Filter>
    </ClCompile>
    <ClCompile Include="source\glfw\c\src\window.c">
      <Filter>c\src</Filter>
    </ClCompile>
    <ClCompile Include="source\glfw\Application.cpp" />
    <ClCompile Include="source\glfw\CPPWindow.cpp" />
    <ClCompile Include="source\glfw\Joystick.cpp" />
    <ClCompile Include="source\glfw\KeyEvent.cpp" />
    <ClCompile Include="source\glfw\Key.cpp" />
  </ItemGroup>
</Project>